Microsoft Visual Studio Solution File, Format Version 12.00
# Visual Studio Version 17
VisualStudioVersion = 17.5.2.0
MinimumVisualStudioVersion = 10.0.40219.1
Project("{FAE04EC0-301F-11D3-BF4B-00C04F79EFBC}") = "obligatoriskOppgave", "obligatoriskOppgave\obligatoriskOppgave.csproj", "{9009B569-AE44-05ED-177D-687281ED69BF}"
EndProject
Global
	GlobalSection(SolutionConfigurationPlatforms) = preSolution
		Debug|Any CPU = Debug|Any CPU
		Release|Any CPU = Release|Any CPU
	EndGlobalSection
	GlobalSection(ProjectConfigurationPlatforms) = postSolution
		{9009B569-AE44-05ED-177D-687281ED69BF}.Debug|Any CPU.ActiveCfg = Debug|Any CPU
		{9009B569-AE44-05ED-177D-687281ED69BF}.Debug|Any CPU.Build.0 = Debug|Any CPU
		{9009B569-AE44-05ED-177D-687281ED69BF}.Release|Any CPU.ActiveCfg = Release|Any CPU
		{9009B569-AE44-05ED-177D-687281ED69BF}.Release|Any CPU.Build.0 = Release|Any CPU
	EndGlobalSection
	GlobalSection(SolutionProperties) = preSolution
		HideSolutionNode = FALSE
	EndGlobalSection
	GlobalSection(ExtensibilityGlobals) = postSolution
		SolutionGuid = {B89AE8B2-5FB3-45AF-9820-5420020E6BAD}
	EndGlobalSection
EndGlobal
